
Microsoft Visual Studio Solution File, Format Version 12.00
# Visual Studio Version 16
VisualStudioVersion = 16.0.31321.278
MinimumVisualStudioVersion = 10.0.40219.1
Project("{FAE04EC0-301F-11D3-BF4B-00C04F79EFBC}") = "Slotkin_ConstructorChainingDemo", "Slotkin_ConstructorChainingDemo.csproj", "{147FD07E-BE07-4B8C-9179-C24260A4BFCD}"
EndProject
Global
	GlobalSection(SolutionConfigurationPlatforms) = preSolution
		Debug|Any CPU = Debug|Any CPU
		Release|Any CPU = Release|Any CPU
	EndGlobalSection
	GlobalSection(ProjectConfigurationPlatforms) = postSolution
		{147FD07E-BE07-4B8C-9179-C24260A4BFCD}.Debug|Any CPU.ActiveCfg = Debug|Any CPU
		{147FD07E-BE07-4B8C-9179-C24260A4BFCD}.Debug|Any CPU.Build.0 = Debug|Any CPU
		{147FD07E-BE07-4B8C-9179-C24260A4BFCD}.Release|Any CPU.ActiveCfg = Release|Any CPU
		{147FD07E-BE07-4B8C-9179-C24260A4BFCD}.Release|Any CPU.Build.0 = Release|Any CPU
	EndGlobalSection
	GlobalSection(SolutionProperties) = preSolution
		HideSolutionNode = FALSE
	EndGlobalSection
	GlobalSection(ExtensibilityGlobals) = postSolution
		SolutionGuid = {699C42D7-1399-4C7D-9A52-1EDB810E42BE}
	EndGlobalSection
EndGlobal
